{
  "requires": true,
  "lockfileVersion": 1,
  "dependencies": {
    "dynamics.js": {
      "version": "1.1.5",
      "resolved": "https://registry.npmjs.org/dynamics.js/-/dynamics.js-1.1.5.tgz",
      "integrity": "sha1-uQvcM2Bc7+ZSuEFucB95v27vzjI="
    },
    "toxiclibsjs": {
      "version": "0.3.3",
      "resolved": "https://registry.npmjs.org/toxiclibsjs/-/toxiclibsjs-0.3.3.tgz",
      "integrity": "sha1-kLlLx5prH7BqEQN2ueae55xsziM="
    }
  }
}
